
Microsoft Visual Studio Solution File, Format Version 12.00
# Visual Studio 2012
Project("{FAE04EC0-301F-11D3-BF4B-00C04F79EFBC}") = "RobotArmsEditor", "RobotArmsEditor\RobotArmsEditor.csproj", "{1F17888D-A9CA-47BE-BD3D-FB53ED2D2BA1}"
EndProject
Project("{FAE04EC0-301F-11D3-BF4B-00C04F79EFBC}") = "RobotArms", "RobotArms\RobotArms.csproj", "{47C2FE1C-6C5C-4D3C-9CEE-D7CDCA7BF683}"
EndProject
Global
	GlobalSection(SolutionConfigurationPlatforms) = preSolution
		Debug|Any CPU = Debug|Any CPU
		Release|Any CPU = Release|Any CPU
	EndGlobalSection
	GlobalSection(ProjectConfigurationPlatforms) = postSolution
		{1F17888D-A9CA-47BE-BD3D-FB53ED2D2BA1}.Debug|Any CPU.ActiveCfg = Debug|Any CPU
		{1F17888D-A9CA-47BE-BD3D-FB53ED2D2BA1}.Debug|Any CPU.Build.0 = Debug|Any CPU
		{1F17888D-A9CA-47BE-BD3D-FB53ED2D2BA1}.Release|Any CPU.ActiveCfg = Release|Any CPU
		{1F17888D-A9CA-47BE-BD3D-FB53ED2D2BA1}.Release|Any CPU.Build.0 = Release|Any CPU
		{47C2FE1C-6C5C-4D3C-9CEE-D7CDCA7BF683}.Debug|Any CPU.ActiveCfg = Debug|Any CPU
		{47C2FE1C-6C5C-4D3C-9CEE-D7CDCA7BF683}.Debug|Any CPU.Build.0 = Debug|Any CPU
		{47C2FE1C-6C5C-4D3C-9CEE-D7CDCA7BF683}.Release|Any CPU.ActiveCfg = Release|Any CPU
		{47C2FE1C-6C5C-4D3C-9CEE-D7CDCA7BF683}.Release|Any CPU.Build.0 = Release|Any CPU
	EndGlobalSection
	GlobalSection(MonoDevelopProperties) = preSolution
		StartupItem = RobotArmsEditor\RobotArmsEditor.csproj
	EndGlobalSection
EndGlobal
