Microsoft Visual Studio Solution File, Format Version 11.00
# Visual Studio 2008

Project("{77CE6E3D-C006-4C87-30AA-4F0A2A22F3C4}") = "UnityAsteroidsExample", "Assembly-CSharp-vs.csproj", "{A2BD085E-4BFF-11CE-F41B-E4BC510BA305}"
EndProject
Global
	GlobalSection(SolutionConfigurationPlatforms) = preSolution
		Debug|Any CPU = Debug|Any CPU
		Release|Any CPU = Release|Any CPU
	EndGlobalSection
	GlobalSection(ProjectConfigurationPlatforms) = postSolution
		{A2BD085E-4BFF-11CE-F41B-E4BC510BA305}.Debug|Any CPU.ActiveCfg = Debug|Any CPU
		{A2BD085E-4BFF-11CE-F41B-E4BC510BA305}.Debug|Any CPU.Build.0 = Debug|Any CPU
		{A2BD085E-4BFF-11CE-F41B-E4BC510BA305}.Release|Any CPU.ActiveCfg = Release|Any CPU
		{A2BD085E-4BFF-11CE-F41B-E4BC510BA305}.Release|Any CPU.Build.0 = Release|Any CPU
	EndGlobalSection
	GlobalSection(SolutionProperties) = preSolution
		HideSolutionNode = FALSE
	EndGlobalSection
																									GlobalSection(MonoDevelopProperties) = preSolution
		StartupItem = Assembly-CSharp.csproj
		Policies = $0
		$0.TextStylePolicy = $1
		$1.inheritsSet = null
		$1.scope = text/x-csharp
		$0.CSharpFormattingPolicy = $2
		$2.inheritsSet = Mono
		$2.inheritsScope = text/x-csharp
		$2.scope = text/x-csharp
		$0.TextStylePolicy = $3
		$3.FileWidth = 120
		$3.TabWidth = 4
		$3.EolMarker = Unix
		$3.inheritsSet = Mono
		$3.inheritsScope = text/plain
		$3.scope = text/plain
	EndGlobalSection

EndGlobal
