
Microsoft Visual Studio Solution File, Format Version 12.00
# Visual Studio 2012
Project("{FAE04EC0-301F-11D3-BF4B-00C04F79EFBC}") = "Assembly-CSharp", "Assembly-CSharp.csproj", "{A2BD085E-4BFF-11CE-F41B-E4BC510BA305}"
EndProject
Project("{FAE04EC0-301F-11D3-BF4B-00C04F79EFBC}") = "Assembly-CSharp-Editor", "Assembly-CSharp-Editor.csproj", "{4E28044C-53A8-3061-6666-747DF3B3449C}"
EndProject
Global
	GlobalSection(SolutionConfigurationPlatforms) = preSolution
		Debug|x86 = Debug|x86
		Release|x86 = Release|x86
	EndGlobalSection
	GlobalSection(ProjectConfigurationPlatforms) = postSolution
		{4E28044C-53A8-3061-6666-747DF3B3449C}.Debug|x86.ActiveCfg = Debug|Any CPU
		{4E28044C-53A8-3061-6666-747DF3B3449C}.Debug|x86.Build.0 = Debug|Any CPU
		{4E28044C-53A8-3061-6666-747DF3B3449C}.Release|x86.ActiveCfg = Release|Any CPU
		{4E28044C-53A8-3061-6666-747DF3B3449C}.Release|x86.Build.0 = Release|Any CPU
		{A2BD085E-4BFF-11CE-F41B-E4BC510BA305}.Debug|x86.ActiveCfg = Debug|Any CPU
		{A2BD085E-4BFF-11CE-F41B-E4BC510BA305}.Debug|x86.Build.0 = Debug|Any CPU
		{A2BD085E-4BFF-11CE-F41B-E4BC510BA305}.Release|x86.ActiveCfg = Release|Any CPU
		{A2BD085E-4BFF-11CE-F41B-E4BC510BA305}.Release|x86.Build.0 = Release|Any CPU
	EndGlobalSection
	
EndGlobal
